
Microsoft Visual Studio Solution File, Format Version 12.00
# Visual Studio Version 17
VisualStudioVersion = 17.14.36429.23 d17.14
MinimumVisualStudioVersion = 10.0.40219.1
Project("{FAE04EC0-301F-11D3-BF4B-00C04F79EFBC}") = "z1", "z1\z1.csproj", "{66A05451-F85C-46BA-B303-EDB9C48F3855}"
EndProject
Project("{FAE04EC0-301F-11D3-BF4B-00C04F79EFBC}") = "z2", "z2\z2.csproj", "{25753D2D-1A96-4646-9862-21AF78A0444F}"
EndProject
Project("{FAE04EC0-301F-11D3-BF4B-00C04F79EFBC}") = "z3", "z3\z3.csproj", "{877E635A-71C4-4F86-95BC-D8E8B6CBF7AD}"
EndProject
Project("{FAE04EC0-301F-11D3-BF4B-00C04F79EFBC}") = "z4", "z4\z4.csproj", "{E098AA78-8052-494C-BCA5-2D6C9D40788D}"
EndProject
Project("{FAE04EC0-301F-11D3-BF4B-00C04F79EFBC}") = "z5", "z5\z5.csproj", "{4161911F-CBD5-4146-8EC1-06703A5253CC}"
EndProject
Project("{FAE04EC0-301F-11D3-BF4B-00C04F79EFBC}") = "z6", "z6\z6.csproj", "{7105AD23-96E5-4486-BAB6-3C9B5DBFA130}"
EndProject
Project("{FAE04EC0-301F-11D3-BF4B-00C04F79EFBC}") = "z7", "z7\z7.csproj", "{DAB84AFF-621D-4F96-8757-5DB2B7D5D81D}"
EndProject
Global
	GlobalSection(SolutionConfigurationPlatforms) = preSolution
		Debug|Any CPU = Debug|Any CPU
		Release|Any CPU = Release|Any CPU
	EndGlobalSection
	GlobalSection(ProjectConfigurationPlatforms) = postSolution
		{66A05451-F85C-46BA-B303-EDB9C48F3855}.Debug|Any CPU.ActiveCfg = Debug|Any CPU
		{66A05451-F85C-46BA-B303-EDB9C48F3855}.Debug|Any CPU.Build.0 = Debug|Any CPU
		{66A05451-F85C-46BA-B303-EDB9C48F3855}.Release|Any CPU.ActiveCfg = Release|Any CPU
		{66A05451-F85C-46BA-B303-EDB9C48F3855}.Release|Any CPU.Build.0 = Release|Any CPU
		{25753D2D-1A96-4646-9862-21AF78A0444F}.Debug|Any CPU.ActiveCfg = Debug|Any CPU
		{25753D2D-1A96-4646-9862-21AF78A0444F}.Debug|Any CPU.Build.0 = Debug|Any CPU
		{25753D2D-1A96-4646-9862-21AF78A0444F}.Release|Any CPU.ActiveCfg = Release|Any CPU
		{25753D2D-1A96-4646-9862-21AF78A0444F}.Release|Any CPU.Build.0 = Release|Any CPU
		{877E635A-71C4-4F86-95BC-D8E8B6CBF7AD}.Debug|Any CPU.ActiveCfg = Debug|Any CPU
		{877E635A-71C4-4F86-95BC-D8E8B6CBF7AD}.Debug|Any CPU.Build.0 = Debug|Any CPU
		{877E635A-71C4-4F86-95BC-D8E8B6CBF7AD}.Release|Any CPU.ActiveCfg = Release|Any CPU
		{877E635A-71C4-4F86-95BC-D8E8B6CBF7AD}.Release|Any CPU.Build.0 = Release|Any CPU
		{E098AA78-8052-494C-BCA5-2D6C9D40788D}.Debug|Any CPU.ActiveCfg = Debug|Any CPU
		{E098AA78-8052-494C-BCA5-2D6C9D40788D}.Debug|Any CPU.Build.0 = Debug|Any CPU
		{E098AA78-8052-494C-BCA5-2D6C9D40788D}.Release|Any CPU.ActiveCfg = Release|Any CPU
		{E098AA78-8052-494C-BCA5-2D6C9D40788D}.Release|Any CPU.Build.0 = Release|Any CPU
		{4161911F-CBD5-4146-8EC1-06703A5253CC}.Debug|Any CPU.ActiveCfg = Debug|Any CPU
		{4161911F-CBD5-4146-8EC1-06703A5253CC}.Debug|Any CPU.Build.0 = Debug|Any CPU
		{4161911F-CBD5-4146-8EC1-06703A5253CC}.Release|Any CPU.ActiveCfg = Release|Any CPU
		{4161911F-CBD5-4146-8EC1-06703A5253CC}.Release|Any CPU.Build.0 = Release|Any CPU
		{7105AD23-96E5-4486-BAB6-3C9B5DBFA130}.Debug|Any CPU.ActiveCfg = Debug|Any CPU
		{7105AD23-96E5-4486-BAB6-3C9B5DBFA130}.Debug|Any CPU.Build.0 = Debug|Any CPU
		{7105AD23-96E5-4486-BAB6-3C9B5DBFA130}.Release|Any CPU.ActiveCfg = Release|Any CPU
		{7105AD23-96E5-4486-BAB6-3C9B5DBFA130}.Release|Any CPU.Build.0 = Release|Any CPU
		{DAB84AFF-621D-4F96-8757-5DB2B7D5D81D}.Debug|Any CPU.ActiveCfg = Debug|Any CPU
		{DAB84AFF-621D-4F96-8757-5DB2B7D5D81D}.Debug|Any CPU.Build.0 = Debug|Any CPU
		{DAB84AFF-621D-4F96-8757-5DB2B7D5D81D}.Release|Any CPU.ActiveCfg = Release|Any CPU
		{DAB84AFF-621D-4F96-8757-5DB2B7D5D81D}.Release|Any CPU.Build.0 = Release|Any CPU
	EndGlobalSection
	GlobalSection(SolutionProperties) = preSolution
		HideSolutionNode = FALSE
	EndGlobalSection
	GlobalSection(ExtensibilityGlobals) = postSolution
		SolutionGuid = {EBACC11A-8CA8-42EA-BBBE-5930B7ED6480}
	EndGlobalSection
EndGlobal
