
Microsoft Visual Studio Solution File, Format Version 12.00
# Visual Studio Version 17
VisualStudioVersion = 17.14.36429.23
MinimumVisualStudioVersion = 10.0.40219.1
Project("{FAE04EC0-301F-11D3-BF4B-00C04F79EFBC}") = "z1", "z1\z1.csproj", "{A4D27BC1-11A5-42E6-97CE-7C21E6A5C561}"
EndProject
Project("{FAE04EC0-301F-11D3-BF4B-00C04F79EFBC}") = "z2", "z2\z2.csproj", "{5F0C68E4-401F-428E-BE79-80550773AC37}"
EndProject
Project("{FAE04EC0-301F-11D3-BF4B-00C04F79EFBC}") = "z3", "ConsoleApp1\z3.csproj", "{0B4012E7-29EB-4918-AA34-C0A9C10CFC9E}"
EndProject
Project("{FAE04EC0-301F-11D3-BF4B-00C04F79EFBC}") = "z4", "z4\z4.csproj", "{8E587434-4978-4317-8B7E-F6D76CD477ED}"
EndProject
Project("{FAE04EC0-301F-11D3-BF4B-00C04F79EFBC}") = "z5", "z5\z5.csproj", "{F5CFB9F7-623A-4678-9E73-1187928280BA}"
EndProject
Project("{FAE04EC0-301F-11D3-BF4B-00C04F79EFBC}") = "z6", "z6\z6.csproj", "{B76D838C-47FA-4099-9CF8-C76720E78E12}"
EndProject
Project("{FAE04EC0-301F-11D3-BF4B-00C04F79EFBC}") = "z7", "z7\z7.csproj", "{1AB7390F-E9E9-4F64-A91A-357397DC8C9C}"
EndProject
Project("{FAE04EC0-301F-11D3-BF4B-00C04F79EFBC}") = "z8", "z8\z8.csproj", "{0C984AA0-E4D7-4B2B-850A-152614D59201}"
EndProject
Project("{FAE04EC0-301F-11D3-BF4B-00C04F79EFBC}") = "z9", "z9\z9.csproj", "{55DB9080-86A0-4559-947F-763064C2F747}"
EndProject
Project("{FAE04EC0-301F-11D3-BF4B-00C04F79EFBC}") = "z10", "z10dop\z10.csproj", "{19ADF432-79B0-4F58-BEBB-C72BD29337A6}"
EndProject
Global
	GlobalSection(SolutionConfigurationPlatforms) = preSolution
		Debug|Any CPU = Debug|Any CPU
		Release|Any CPU = Release|Any CPU
	EndGlobalSection
	GlobalSection(ProjectConfigurationPlatforms) = postSolution
		{A4D27BC1-11A5-42E6-97CE-7C21E6A5C561}.Debug|Any CPU.ActiveCfg = Debug|Any CPU
		{A4D27BC1-11A5-42E6-97CE-7C21E6A5C561}.Debug|Any CPU.Build.0 = Debug|Any CPU
		{A4D27BC1-11A5-42E6-97CE-7C21E6A5C561}.Release|Any CPU.ActiveCfg = Release|Any CPU
		{A4D27BC1-11A5-42E6-97CE-7C21E6A5C561}.Release|Any CPU.Build.0 = Release|Any CPU
		{5F0C68E4-401F-428E-BE79-80550773AC37}.Debug|Any CPU.ActiveCfg = Debug|Any CPU
		{5F0C68E4-401F-428E-BE79-80550773AC37}.Debug|Any CPU.Build.0 = Debug|Any CPU
		{5F0C68E4-401F-428E-BE79-80550773AC37}.Release|Any CPU.ActiveCfg = Release|Any CPU
		{5F0C68E4-401F-428E-BE79-80550773AC37}.Release|Any CPU.Build.0 = Release|Any CPU
		{0B4012E7-29EB-4918-AA34-C0A9C10CFC9E}.Debug|Any CPU.ActiveCfg = Debug|Any CPU
		{0B4012E7-29EB-4918-AA34-C0A9C10CFC9E}.Debug|Any CPU.Build.0 = Debug|Any CPU
		{0B4012E7-29EB-4918-AA34-C0A9C10CFC9E}.Release|Any CPU.ActiveCfg = Release|Any CPU
		{0B4012E7-29EB-4918-AA34-C0A9C10CFC9E}.Release|Any CPU.Build.0 = Release|Any CPU
		{8E587434-4978-4317-8B7E-F6D76CD477ED}.Debug|Any CPU.ActiveCfg = Debug|Any CPU
		{8E587434-4978-4317-8B7E-F6D76CD477ED}.Debug|Any CPU.Build.0 = Debug|Any CPU
		{8E587434-4978-4317-8B7E-F6D76CD477ED}.Release|Any CPU.ActiveCfg = Release|Any CPU
		{8E587434-4978-4317-8B7E-F6D76CD477ED}.Release|Any CPU.Build.0 = Release|Any CPU
		{F5CFB9F7-623A-4678-9E73-1187928280BA}.Debug|Any CPU.ActiveCfg = Debug|Any CPU
		{F5CFB9F7-623A-4678-9E73-1187928280BA}.Debug|Any CPU.Build.0 = Debug|Any CPU
		{F5CFB9F7-623A-4678-9E73-1187928280BA}.Release|Any CPU.ActiveCfg = Release|Any CPU
		{F5CFB9F7-623A-4678-9E73-1187928280BA}.Release|Any CPU.Build.0 = Release|Any CPU
		{B76D838C-47FA-4099-9CF8-C76720E78E12}.Debug|Any CPU.ActiveCfg = Debug|Any CPU
		{B76D838C-47FA-4099-9CF8-C76720E78E12}.Debug|Any CPU.Build.0 = Debug|Any CPU
		{B76D838C-47FA-4099-9CF8-C76720E78E12}.Release|Any CPU.ActiveCfg = Release|Any CPU
		{B76D838C-47FA-4099-9CF8-C76720E78E12}.Release|Any CPU.Build.0 = Release|Any CPU
		{1AB7390F-E9E9-4F64-A91A-357397DC8C9C}.Debug|Any CPU.ActiveCfg = Debug|Any CPU
		{1AB7390F-E9E9-4F64-A91A-357397DC8C9C}.Debug|Any CPU.Build.0 = Debug|Any CPU
		{1AB7390F-E9E9-4F64-A91A-357397DC8C9C}.Release|Any CPU.ActiveCfg = Release|Any CPU
		{1AB7390F-E9E9-4F64-A91A-357397DC8C9C}.Release|Any CPU.Build.0 = Release|Any CPU
		{0C984AA0-E4D7-4B2B-850A-152614D59201}.Debug|Any CPU.ActiveCfg = Debug|Any CPU
		{0C984AA0-E4D7-4B2B-850A-152614D59201}.Debug|Any CPU.Build.0 = Debug|Any CPU
		{0C984AA0-E4D7-4B2B-850A-152614D59201}.Release|Any CPU.ActiveCfg = Release|Any CPU
		{0C984AA0-E4D7-4B2B-850A-152614D59201}.Release|Any CPU.Build.0 = Release|Any CPU
		{55DB9080-86A0-4559-947F-763064C2F747}.Debug|Any CPU.ActiveCfg = Debug|Any CPU
		{55DB9080-86A0-4559-947F-763064C2F747}.Debug|Any CPU.Build.0 = Debug|Any CPU
		{55DB9080-86A0-4559-947F-763064C2F747}.Release|Any CPU.ActiveCfg = Release|Any CPU
		{55DB9080-86A0-4559-947F-763064C2F747}.Release|Any CPU.Build.0 = Release|Any CPU
		{19ADF432-79B0-4F58-BEBB-C72BD29337A6}.Debug|Any CPU.ActiveCfg = Debug|Any CPU
		{19ADF432-79B0-4F58-BEBB-C72BD29337A6}.Debug|Any CPU.Build.0 = Debug|Any CPU
		{19ADF432-79B0-4F58-BEBB-C72BD29337A6}.Release|Any CPU.ActiveCfg = Release|Any CPU
		{19ADF432-79B0-4F58-BEBB-C72BD29337A6}.Release|Any CPU.Build.0 = Release|Any CPU
	EndGlobalSection
	GlobalSection(SolutionProperties) = preSolution
		HideSolutionNode = FALSE
	EndGlobalSection
	GlobalSection(ExtensibilityGlobals) = postSolution
		SolutionGuid = {486AF026-56B5-40C0-806B-A017128FBA3C}
	EndGlobalSection
EndGlobal
