
Microsoft Visual Studio Solution File, Format Version 12.00
# Visual Studio Version 17
VisualStudioVersion = 17.14.36429.23
MinimumVisualStudioVersion = 10.0.40219.1
Project("{FAE04EC0-301F-11D3-BF4B-00C04F79EFBC}") = "z1", "z1\z1.csproj", "{A7006B1A-8232-4916-BC6F-25BB240CCC7C}"
EndProject
Project("{FAE04EC0-301F-11D3-BF4B-00C04F79EFBC}") = "z2", "z2\z2.csproj", "{895BD516-F13A-475F-9F9D-A28512A70B4E}"
EndProject
Project("{FAE04EC0-301F-11D3-BF4B-00C04F79EFBC}") = "z3", "z3\z3.csproj", "{888AF271-222B-4D94-9A61-A1454447ECF8}"
EndProject
Project("{FAE04EC0-301F-11D3-BF4B-00C04F79EFBC}") = "z4", "z4\z4.csproj", "{F199A82D-5426-485C-82B9-B7FEFA97B47F}"
EndProject
Global
	GlobalSection(SolutionConfigurationPlatforms) = preSolution
		Debug|Any CPU = Debug|Any CPU
		Release|Any CPU = Release|Any CPU
	EndGlobalSection
	GlobalSection(ProjectConfigurationPlatforms) = postSolution
		{A7006B1A-8232-4916-BC6F-25BB240CCC7C}.Debug|Any CPU.ActiveCfg = Debug|Any CPU
		{A7006B1A-8232-4916-BC6F-25BB240CCC7C}.Debug|Any CPU.Build.0 = Debug|Any CPU
		{A7006B1A-8232-4916-BC6F-25BB240CCC7C}.Release|Any CPU.ActiveCfg = Release|Any CPU
		{A7006B1A-8232-4916-BC6F-25BB240CCC7C}.Release|Any CPU.Build.0 = Release|Any CPU
		{895BD516-F13A-475F-9F9D-A28512A70B4E}.Debug|Any CPU.ActiveCfg = Debug|Any CPU
		{895BD516-F13A-475F-9F9D-A28512A70B4E}.Debug|Any CPU.Build.0 = Debug|Any CPU
		{895BD516-F13A-475F-9F9D-A28512A70B4E}.Release|Any CPU.ActiveCfg = Release|Any CPU
		{895BD516-F13A-475F-9F9D-A28512A70B4E}.Release|Any CPU.Build.0 = Release|Any CPU
		{888AF271-222B-4D94-9A61-A1454447ECF8}.Debug|Any CPU.ActiveCfg = Debug|Any CPU
		{888AF271-222B-4D94-9A61-A1454447ECF8}.Debug|Any CPU.Build.0 = Debug|Any CPU
		{888AF271-222B-4D94-9A61-A1454447ECF8}.Release|Any CPU.ActiveCfg = Release|Any CPU
		{888AF271-222B-4D94-9A61-A1454447ECF8}.Release|Any CPU.Build.0 = Release|Any CPU
		{F199A82D-5426-485C-82B9-B7FEFA97B47F}.Debug|Any CPU.ActiveCfg = Debug|Any CPU
		{F199A82D-5426-485C-82B9-B7FEFA97B47F}.Debug|Any CPU.Build.0 = Debug|Any CPU
		{F199A82D-5426-485C-82B9-B7FEFA97B47F}.Release|Any CPU.ActiveCfg = Release|Any CPU
		{F199A82D-5426-485C-82B9-B7FEFA97B47F}.Release|Any CPU.Build.0 = Release|Any CPU
	EndGlobalSection
	GlobalSection(SolutionProperties) = preSolution
		HideSolutionNode = FALSE
	EndGlobalSection
	GlobalSection(ExtensibilityGlobals) = postSolution
		SolutionGuid = {20E27686-5F40-4267-99FE-469C2F469307}
	EndGlobalSection
EndGlobal
